// !$*UTF8*$!
{
	archiveVersion = 1;
	classes = {
	};
	objectVersion = 50;
	objects = {

/* Begin PBXBuildFile section */
		AAE698A0250BD1B9004EE298 /* AppDelegate.swift in Sources */ = {isa = PBXBuildFile; fileRef = AAE6989F250BD1B9004EE298 /* AppDelegate.swift */; };
		AAE698A2250BD1B9004EE298 /* SceneDelegate.swift in Sources */ = {isa = PBXBuildFile; fileRef = AAE698A1250BD1B9004EE298 /* SceneDelegate.swift */; };
		AAE698A4250BD1B9004EE298 /* ViewController.swift in Sources */ = {isa = PBXBuildFile; fileRef = AAE698A3250BD1B9004EE298 /* ViewController.swift */; };
		AAE698A7250BD1B9004EE298 /* Main.storyboard in Resources */ = {isa = PBXBuildFile; fileRef = AAE698A5250BD1B9004EE298 /* Main.storyboard */; };
		AAE698A9250BD1BC004EE298 /* Assets.xcassets in Resources */ = {isa = PBXBuildFile; fileRef = AAE698A8250BD1BC004EE298 /* Assets.xcassets */; };
		AAE698AC250BD1BC004EE298 /* LaunchScreen.storyboard in Resources */ = {isa = PBXBuildFile; fileRef = AAE698AA250BD1BC004EE298 /* LaunchScreen.storyboard */; };
		AAE698BD250BD5BA004EE298 /* ArchitectsDaughter-Regular.ttf in Resources */ = {isa = PBXBuildFile; fileRef = AAE698BC250BD5BA004EE298 /* ArchitectsDaughter-Regular.ttf */; };
/* End PBXBuildFile section */

/* Begin PBXFileReference section */
		AAE6989C250BD1B9004EE298 /* TipoLetra.app */ = {isa = PBXFileReference; explicitFileType = wrapper.application; includeInIndex = 0; path = TipoLetra.app; sourceTree = BUILT_PRODUCTS_DIR; };
		AAE6989F250BD1B9004EE298 /* AppDelegate.swift */ = {isa = PBXFileReference; lastKnownFileType = sourcecode.swift; path = AppDelegate.swift; sourceTree = "<group>"; };
		AAE698A1250BD1B9004EE298 /* SceneDelegate.swift */ = {isa = PBXFileReference; lastKnownFileType = sourcecode.swift; path = SceneDelegate.swift; sourceTree = "<group>"; };
		AAE698A3250BD1B9004EE298 /* ViewController.swift */ = {isa = PBXFileReference; lastKnownFileType = sourcecode.swift; path = ViewController.swift; sourceTree = "<group>"; };
		AAE698A6250BD1B9004EE298 /* Base */ = {isa = PBXFileReference; lastKnownFileType = file.storyboard; name = Base; path = Base.lproj/Main.storyboard; sourceTree = "<group>"; };
		AAE698A8250BD1BC004EE298 /* Assets.xcassets */ = {isa = PBXFileReference; lastKnownFileType = folder.assetcatalog; path = Assets.xcassets; sourceTree = "<group>"; };
		AAE698AB250BD1BC004EE298 /* Base */ = {isa = PBXFileReference; lastKnownFileType = file.storyboard; name = Base; path = Base.lproj/LaunchScreen.storyboard; sourceTree = "<group>"; };
		AAE698AD250BD1BC004EE298 /* Info.plist */ = {isa = PBXFileReference; lastKnownFileType = text.plist.xml; path = Info.plist; sourceTree = "<group>"; };
		AAE698BC250BD5BA004EE298 /* ArchitectsDaughter-Regular.ttf */ = {isa = PBXFileReference; lastKnownFileType = file; path = "ArchitectsDaughter-Regular.ttf"; sourceTree = "<group>"; };
/* End PBXFileReference section */

/* Begin PBXFrameworksBuildPhase section */
		AAE69899250BD1B9004EE298 /* Frameworks */ = {
			isa = PBXFrameworksBuildPhase;
			buildActionMask = 2147483647;
			files = (
			);
			runOnlyForDeploymentPostprocessing = 0;
		};
/* End PBXFrameworksBuildPhase section */

/* Begin PBXGroup section */
		AAE69893250BD1B9004EE298 = {
			isa = PBXGroup;
			children = (
				AAE6989E250BD1B9004EE298 /* TipoLetra */,
				AAE6989D250BD1B9004EE298 /* Products */,
			);
			sourceTree = "<group>";
		};
		AAE6989D250BD1B9004EE298 /* Products */ = {
			isa = PBXGroup;
			children = (
				AAE6989C250BD1B9004EE298 /* TipoLetra.app */,
			);
			name = Products;
			sourceTree = "<group>";
		};
		AAE6989E250BD1B9004EE298 /* TipoLetra */ = {
			isa = PBXGroup;
			children = (
				AAE698B3250BD2DF004EE298 /* Resources */,
				AAE6989F250BD1B9004EE298 /* AppDelegate.swift */,
				AAE698A1250BD1B9004EE298 /* SceneDelegate.swift */,
				AAE698A3250BD1B9004EE298 /* ViewController.swift */,
				AAE698A5250BD1B9004EE298 /* Main.storyboard */,
				AAE698A8250BD1BC004EE298 /* Assets.xcassets */,
				AAE698AA250BD1BC004EE298 /* LaunchScreen.storyboard */,
				AAE698AD250BD1BC004EE298 /* Info.plist */,
			);
			path = TipoLetra;
			sourceTree = "<group>";
		};
		AAE698B3250BD2DF004EE298 /* Resources */ = {
			isa = PBXGroup;
			children = (
				AAE698B4250BD2E5004EE298 /* Fonts */,
			);
			path = Resources;
			sourceTree = "<group>";
		};
		AAE698B4250BD2E5004EE298 /* Fonts */ = {
			isa = PBXGroup;
			children = (
				AAE698BC250BD5BA004EE298 /* ArchitectsDaughter-Regular.ttf */,
			);
			path = Fonts;
			sourceTree = "<group>";
		};
/* End PBXGroup section */

/* Begin PBXNativeTarget section */
		AAE6989B250BD1B9004EE298 /* TipoLetra */ = {
			isa = PBXNativeTarget;
			buildConfigurationList = AAE698B0250BD1BC004EE298 /* Build configuration list for PBXNativeTarget "TipoLetra" */;
			buildPhases = (
				AAE69898250BD1B9004EE298 /* Sources */,
				AAE69899250BD1B9004EE298 /* Frameworks */,
				AAE6989A250BD1B9004EE298 /* Resources */,
			);
			buildRules = (
			);
			dependencies = (
			);
			name = TipoLetra;
			productName = TipoLetra;
			productReference = AAE6989C250BD1B9004EE298 /* TipoLetra.app */;
			productType = "com.apple.product-type.application";
		};
/* End PBXNativeTarget section */

/* Begin PBXProject section */
		AAE69894250BD1B9004EE298 /* Project object */ = {
			isa = PBXProject;
			attributes = {
				LastSwiftUpdateCheck = 1170;
				LastUpgradeCheck = 1170;
				ORGANIZATIONNAME = Erwin;
				TargetAttributes = {
					AAE6989B250BD1B9004EE298 = {
						CreatedOnToolsVersion = 11.7;
					};
				};
			};
			buildConfigurationList = AAE69897250BD1B9004EE298 /* Build configuration list for PBXProject "TipoLetra" */;
			compatibilityVersion = "Xcode 9.3";
			developmentRegion = en;
			hasScannedForEncodings = 0;
			knownRegions = (
				en,
				Base,
			);
			mainGroup = AAE69893250BD1B9004EE298;
			productRefGroup = AAE6989D250BD1B9004EE298 /* Products */;
			projectDirPath = "";
			projectRoot = "";
			targets = (
				AAE6989B250BD1B9004EE298 /* TipoLetra */,
			);
		};
/* End PBXProject section */

/* Begin PBXResourcesBuildPhase section */
		AAE6989A250BD1B9004EE298 /* Resources */ = {
			isa = PBXResourcesBuildPhase;
			buildActionMask = 2147483647;
			files = (
				AAE698AC250BD1BC004EE298 /* LaunchScreen.storyboard in Resources */,
				AAE698A9250BD1BC004EE298 /* Assets.xcassets in Resources */,
				AAE698A7250BD1B9004EE298 /* Main.storyboard in Resources */,
				AAE698BD250BD5BA004EE298 /* ArchitectsDaughter-Regular.ttf in Resources */,
			);
			runOnlyForDeploymentPostprocessing = 0;
		};
/* End PBXResourcesBuildPhase section */

/* Begin PBXSourcesBuildPhase section */
		AAE69898250BD1B9004EE298 /* Sources */ = {
			isa = PBXSourcesBuildPhase;
			buildActionMask = 2147483647;
			files = (
				AAE698A4250BD1B9004EE298 /* ViewController.swift in Sources */,
				AAE698A0250BD1B9004EE298 /* AppDelegate.swift in Sources */,
				AAE698A2250BD1B9004EE298 /* SceneDelegate.swift in Sources */,
			);
			runOnlyForDeploymentPostprocessing = 0;
		};
/* End PBXSourcesBuildPhase section */

/* Begin PBXVariantGroup section */
		AAE698A5250BD1B9004EE298 /* Main.storyboard */ = {
			isa = PBXVariantGroup;
			children = (
				AAE698A6250BD1B9004EE298 /* Base */,
			);
			name = Main.storyboard;
			sourceTree = "<group>";
		};
		AAE698AA250BD1BC004EE298 /* LaunchScreen.storyboard */ = {
			isa = PBXVariantGroup;
			children = (
				AAE698AB250BD1BC004EE298 /* Base */,
			);
			name = LaunchScreen.storyboard;
			sourceTree = "<group>";
		};
/* End PBXVariantGroup section */

/* Begin XCBuildConfiguration section */
		AAE698AE250BD1BC004EE298 /* Debug */ = {
			isa = XCBuildConfiguration;
			buildSettings = {
				ALWAYS_SEARCH_USER_PATHS = NO;
				CLANG_ANALYZER_NONNULL = YES;
				CLANG_ANALYZER_NUMBER_OBJECT_CONVERSION = YES_AGGRESSIVE;
				CLANG_CXX_LANGUAGE_STANDARD = "gnu++14";
				CLANG_CXX_LIBRARY = "libc++";
				CLANG_ENABLE_MODULES = YES;
				CLANG_ENABLE_OBJC_ARC = YES;
				CLANG_ENABLE_OBJC_WEAK = YES;
				CLANG_WARN_BLOCK_CAPTURE_AUTORELEASING = YES;
				CLANG_WARN_BOOL_CONVERSION = YES;
				CLANG_WARN_COMMA = YES;
				CLANG_WARN_CONSTANT_CONVERSION = YES;
				CLANG_WARN_DEPRECATED_OBJC_IMPLEMENTATIONS = YES;
				CLANG_WARN_DIRECT_OBJC_ISA_USAGE = YES_ERROR;
				CLANG_WARN_DOCUMENTATION_COMMENTS = YES;
				CLANG_WARN_EMPTY_BODY = YES;
				CLANG_WARN_ENUM_CONVERSION = YES;
				CLANG_WARN_INFINITE_RECURSION = YES;
				CLANG_WARN_INT_CONVERSION = YES;
				CLANG_WARN_NON_LITERAL_NULL_CONVERSION = YES;
				CLANG_WARN_OBJC_IMPLICIT_RETAIN_SELF = YES;
				CLANG_WARN_OBJC_LITERAL_CONVERSION = YES;
				CLANG_WARN_OBJC_ROOT_CLASS = YES_ERROR;
				CLANG_WARN_RANGE_LOOP_ANALYSIS = YES;
				CLANG_WARN_STRICT_PROTOTYPES = YES;
				CLANG_WARN_SUSPICIOUS_MOVE = YES;
				CLANG_WARN_UNGUARDED_AVAILABILITY = YES_AGGRESSIVE;
				CLANG_WARN_UNREACHABLE_CODE = YES;
				CLANG_WARN__DUPLICATE_METHOD_MATCH = YES;
				COPY_PHASE_STRIP = NO;
				DEBUG_INFORMATION_FORMAT = dwarf;
				ENABLE_STRICT_OBJC_MSGSEND = YES;
				ENABLE_TESTABILITY = YES;
				GCC_C_LANGUAGE_STANDARD = gnu11;
				GCC_DYNAMIC_NO_PIC = NO;
				GCC_NO_COMMON_BLOCKS = YES;
				GCC_OPTIMIZATION_LEVEL = 0;
				GCC_PREPROCESSOR_DEFINITIONS = (
					"DEBUG=1",
					"$(inherited)",
				);
				GCC_WARN_64_TO_32_BIT_CONVERSION = YES;
				GCC_WARN_ABOUT_RETURN_TYPE = YES_ERROR;
				GCC_WARN_UNDECLARED_SELECTOR = YES;
				GCC_WARN_UNINITIALIZED_AUTOS = YES_AGGRESSIVE;
				GCC_WARN_UNUSED_FUNCTION = YES;
				GCC_WARN_UNUSED_VARIABLE = YES;
				IPHONEOS_DEPLOYMENT_TARGET = 13.7;
				MTL_ENABLE_DEBUG_INFO = INCLUDE_SOURCE;
				MTL_FAST_MATH = YES;
				ONLY_ACTIVE_ARCH = YES;
				SDKROOT = iphoneos;
				SWIFT_ACTIVE_COMPILATION_CONDITIONS = DEBUG;
				SWIFT_OPTIMIZATION_LEVEL = "-Onone";
			};
			name = Debug;
		};
		AAE698AF250BD1BC004EE298 /* Release */ = {
			isa = XCBuildConfiguration;
			buildSettings = {
				ALWAYS_SEARCH_USER_PATHS = NO;
				CLANG_ANALYZER_NONNULL = YES;
				CLANG_ANALYZER_NUMBER_OBJECT_CONVERSION = YES_AGGRESSIVE;
				CLANG_CXX_LANGUAGE_STANDARD = "gnu++14";
				CLANG_CXX_LIBRARY = "libc++";
				CLANG_ENABLE_MODULES = YES;
				CLANG_ENABLE_OBJC_ARC = YES;
				CLANG_ENABLE_OBJC_WEAK = YES;
				CLANG_WARN_BLOCK_CAPTURE_AUTORELEASING = YES;
				CLANG_WARN_BOOL_CONVERSION = YES;
				CLANG_WARN_COMMA = YES;
				CLANG_WARN_CONSTANT_CONVERSION = YES;
				CLANG_WARN_DEPRECATED_OBJC_IMPLEMENTATIONS = YES;
				CLANG_WARN_DIRECT_OBJC_ISA_USAGE = YES_ERROR;
				CLANG_WARN_DOCUMENTATION_COMMENTS = YES;
				CLANG_WARN_EMPTY_BODY = YES;
				CLANG_WARN_ENUM_CONVERSION = YES;
				CLANG_WARN_INFINITE_RECURSION = YES;
				CLANG_WARN_INT_CONVERSION = YES;
				CLANG_WARN_NON_LITERAL_NULL_CONVERSION = YES;
				CLANG_WARN_OBJC_IMPLICIT_RETAIN_SELF = YES;
				CLANG_WARN_OBJC_LITERAL_CONVERSION = YES;
				CLANG_WARN_OBJC_ROOT_CLASS = YES_ERROR;
				CLANG_WARN_RANGE_LOOP_ANALYSIS = YES;
				CLANG_WARN_STRICT_PROTOTYPES = YES;
				CLANG_WARN_SUSPICIOUS_MOVE = YES;
				CLANG_WARN_UNGUARDED_AVAILABILITY = YES_AGGRESSIVE;
				CLANG_WARN_UNREACHABLE_CODE = YES;
				CLANG_WARN__DUPLICATE_METHOD_MATCH = YES;
				COPY_PHASE_STRIP = NO;
				DEBUG_INFORMATION_FORMAT = "dwarf-with-dsym";
				ENABLE_NS_ASSERTIONS = NO;
				ENABLE_STRICT_OBJC_MSGSEND = YES;
				GCC_C_LANGUAGE_STANDARD = gnu11;
				GCC_NO_COMMON_BLOCKS = YES;
				GCC_WARN_64_TO_32_BIT_CONVERSION = YES;
				GCC_WARN_ABOUT_RETURN_TYPE = YES_ERROR;
				GCC_WARN_UNDECLARED_SELECTOR = YES;
				GCC_WARN_UNINITIALIZED_AUTOS = YES_AGGRESSIVE;
				GCC_WARN_UNUSED_FUNCTION = YES;
				GCC_WARN_UNUSED_VARIABLE = YES;
				IPHONEOS_DEPLOYMENT_TARGET = 13.7;
				MTL_ENABLE_DEBUG_INFO = NO;
				MTL_FAST_MATH = YES;
				SDKROOT = iphoneos;
				SWIFT_COMPILATION_MODE = wholemodule;
				SWIFT_OPTIMIZATION_LEVEL = "-O";
				VALIDATE_PRODUCT = YES;
			};
			name = Release;
		};
		AAE698B1250BD1BC004EE298 /* Debug */ = {
			isa = XCBuildConfiguration;
			buildSettings = {
				ASSETCATALOG_COMPILER_APPICON_NAME = AppIcon;
				CODE_SIGN_STYLE = Automatic;
				DEVELOPMENT_TEAM = 9TPTHP2V2G;
				INFOPLIST_FILE = TipoLetra/Info.plist;
				LD_RUNPATH_SEARCH_PATHS = (
					"$(inherited)",
					"@executable_path/Frameworks",
				);
				PRODUCT_BUNDLE_IDENTIFIER = com.bugsoft.TipoLetra;
				PRODUCT_NAME = "$(TARGET_NAME)";
				SWIFT_VERSION = 5.0;
				TARGETED_DEVICE_FAMILY = "1,2";
			};
			name = Debug;
		};
		AAE698B2250BD1BC004EE298 /* Release */ = {
			isa = XCBuildConfiguration;
			buildSettings = {
				ASSETCATALOG_COMPILER_APPICON_NAME = AppIcon;
				CODE_SIGN_STYLE = Automatic;
				DEVELOPMENT_TEAM = 9TPTHP2V2G;
				INFOPLIST_FILE = TipoLetra/Info.plist;
				LD_RUNPATH_SEARCH_PATHS = (
					"$(inherited)",
					"@executable_path/Frameworks",
				);
				PRODUCT_BUNDLE_IDENTIFIER = com.bugsoft.TipoLetra;
				PRODUCT_NAME = "$(TARGET_NAME)";
				SWIFT_VERSION = 5.0;
				TARGETED_DEVICE_FAMILY = "1,2";
			};
			name = Release;
		};
/* End XCBuildConfiguration section */

/* Begin XCConfigurationList section */
		AAE69897250BD1B9004EE298 /* Build configuration list for PBXProject "TipoLetra" */ = {
			isa = XCConfigurationList;
			buildConfigurations = (
				AAE698AE250BD1BC004EE298 /* Debug */,
				AAE698AF250BD1BC004EE298 /* Release */,
			);
			defaultConfigurationIsVisible = 0;
			defaultConfigurationName = Release;
		};
		AAE698B0250BD1BC004EE298 /* Build configuration list for PBXNativeTarget "TipoLetra" */ = {
			isa = XCConfigurationList;
			buildConfigurations = (
				AAE698B1250BD1BC004EE298 /* Debug */,
				AAE698B2250BD1BC004EE298 /* Release */,
			);
			defaultConfigurationIsVisible = 0;
			defaultConfigurationName = Release;
		};
/* End XCConfigurationList section */
	};
	rootObject = AAE69894250BD1B9004EE298 /* Project object */;
}
